
Microsoft Visual Studio Solution File, Format Version 12.00
# Visual Studio 2013
VisualStudioVersion = 12.0.31101.0
MinimumVisualStudioVersion = 10.0.40219.1
Project("{FAE04EC0-301F-11D3-BF4B-00C04F79EFBC}") = "WIFSampleAccenture", "WIFSampleAccenture\WIFSampleAccenture.csproj", "{9D70FA3B-CA70-4B02-AC72-303F4414ACFA}"
EndProject
Project("{FAE04EC0-301F-11D3-BF4B-00C04F79EFBC}") = "WIFSampleAccenture.Tests", "WIFSampleAccenture.Tests\WIFSampleAccenture.Tests.csproj", "{34630FA8-EF03-4BE8-92D8-B3B28F7F6CB4}"
EndProject
Project("{FAE04EC0-301F-11D3-BF4B-00C04F79EFBC}") = "WIFSample3.5", "WIFSample3.5\WIFSample3.5.csproj", "{C8B2CC5F-895C-4160-B4B7-A4E914B72265}"
EndProject
Global
	GlobalSection(SolutionConfigurationPlatforms) = preSolution
		Debug|Any CPU = Debug|Any CPU
		Release|Any CPU = Release|Any CPU
	EndGlobalSection
	GlobalSection(ProjectConfigurationPlatforms) = postSolution
		{9D70FA3B-CA70-4B02-AC72-303F4414ACFA}.Debug|Any CPU.ActiveCfg = Debug|Any CPU
		{9D70FA3B-CA70-4B02-AC72-303F4414ACFA}.Debug|Any CPU.Build.0 = Debug|Any CPU
		{9D70FA3B-CA70-4B02-AC72-303F4414ACFA}.Release|Any CPU.ActiveCfg = Release|Any CPU
		{9D70FA3B-CA70-4B02-AC72-303F4414ACFA}.Release|Any CPU.Build.0 = Release|Any CPU
		{34630FA8-EF03-4BE8-92D8-B3B28F7F6CB4}.Debug|Any CPU.ActiveCfg = Debug|Any CPU
		{34630FA8-EF03-4BE8-92D8-B3B28F7F6CB4}.Debug|Any CPU.Build.0 = Debug|Any CPU
		{34630FA8-EF03-4BE8-92D8-B3B28F7F6CB4}.Release|Any CPU.ActiveCfg = Release|Any CPU
		{34630FA8-EF03-4BE8-92D8-B3B28F7F6CB4}.Release|Any CPU.Build.0 = Release|Any CPU
		{C8B2CC5F-895C-4160-B4B7-A4E914B72265}.Debug|Any CPU.ActiveCfg = Debug|Any CPU
		{C8B2CC5F-895C-4160-B4B7-A4E914B72265}.Debug|Any CPU.Build.0 = Debug|Any CPU
		{C8B2CC5F-895C-4160-B4B7-A4E914B72265}.Release|Any CPU.ActiveCfg = Release|Any CPU
		{C8B2CC5F-895C-4160-B4B7-A4E914B72265}.Release|Any CPU.Build.0 = Release|Any CPU
	EndGlobalSection
	GlobalSection(SolutionProperties) = preSolution
		HideSolutionNode = FALSE
	EndGlobalSection
EndGlobal
